{
  "version": 4,
  "terraform_version": "0.12.24",
  "serial": 1,
  "lineage": "034bac3f-260c-7429-3ce7-8604d9938691",
  "outputs": {},
  "resources": [
    {
      "mode": "data",
      "type": "http",
      "name": "tfc_ips",
      "provider": "provider.http",
      "instances": [
        {
          "schema_version": 0,
          "attributes": {
            "body": "{\"api\":[\"75.2.98.97/32\",\"99.83.150.238/32\"],\"notifications\":[\"52.86.200.106/32\",\"52.86.201.227/32\",\"52.70.186.109/32\"],\"sentinel\":[\"52.86.200.106/32\",\"52.86.201.227/32\",\"52.70.186.109/32\"],\"vcs\":[\"52.86.200.106/32\",\"52.86.201.227/32\",\"52.70.186.109/32\"]}",
            "id": "https://app.terraform.io/api/meta/ip-ranges",
            "request_headers": {
              "Accept": "application/vnd.api+json"
            },
            "response_headers": {
              "Cache-Control": "max-age=0, private, must-revalidate",
              "Content-Type": "application/json; charset=utf-8",
              "Date": "Sun, 06 Dec 2020 05:24:10 GMT",
              "Last-Modified": "Wed, 26 Aug 2020 10:05:35 GMT",
              "Referrer-Policy": "strict-origin-when-cross-origin",
              "Set-Cookie": "_atlas_session_data=ZUpBSkpGdXl1azZBaGtTYVJ3M3p0aHJQc3Y2azdDdHZJMmZUSWtwcHlES25hWkZsNktlMndUaHFtNWZXbmJIL05DNVc1QVE4ODdiWjBsc2dFUkxZRERiVDhsS2lxNStyNHEzZVVMeFIwd1FVVDR5enhwQzJCMmpLdkcvSkZOZUNYajBIcnA4VDZwOFcrRXVxYWRLanV3L1pQSllTR09GSi9lMndjTnZoZFZjZkpUTCtVSlYrT3lkUEhuWmpUOE1MLS1Qcm1OdVNFd0E3UkhBWWZsaE5DazVBPT0%3D--24a16b4f26975964560a9a802f80d26fcc73341a; path=/; expires=Tue, 05 Jan 2021 05:24:10 GMT; secure; HttpOnly",
              "Strict-Transport-Security": "max-age=31536000; includeSubDomains; preload",
              "Vary": "Accept-Encoding, Origin",
              "X-Content-Type-Options": "nosniff",
              "X-Download-Options": "noopen",
              "X-Frame-Options": "SAMEORIGIN",
              "X-Permitted-Cross-Domain-Policies": "none",
              "X-Ratelimit-Limit": "30",
              "X-Ratelimit-Remaining": "29",
              "X-Ratelimit-Reset": "0.0",
              "X-Request-Id": "a00105eb-dd80-e12a-4450-a7162fdc0895",
              "X-Xss-Protection": "1; mode=block"
            },
            "url": "https://app.terraform.io/api/meta/ip-ranges"
          }
        }
      ]
    },
    {
      "mode": "managed",
      "type": "tfe_policy_set",
      "name": "base_policy_set",
      "provider": "provider.tfe",
      "instances": []
    },
    {
      "mode": "managed",
      "type": "tfe_sentinel_policy",
      "name": "base_policy",
      "provider": "provider.tfe",
      "instances": [
        {
          "schema_version": 0,
          "attributes": {
            "description": "This policy always passes",
            "enforce_mode": "hard-mandatory",
            "id": "pol-jAp3rF6iT6qitGyT",
            "name": "base_policy",
            "organization": "DoU-TFE",
            "policy": "main = rule { true }"
          },
          "private": "bnVsbA=="
        }
      ]
    },
    {
      "mode": "managed",
      "type": "tfe_variable",
      "name": "azure_client_id",
      "provider": "provider.tfe",
      "instances": []
    },
    {
      "mode": "managed",
      "type": "tfe_variable",
      "name": "azure_client_secret",
      "provider": "provider.tfe",
      "instances": []
    },
    {
      "mode": "managed",
      "type": "tfe_variable",
      "name": "azure_instance_password",
      "provider": "provider.tfe",
      "instances": []
    },
    {
      "mode": "managed",
      "type": "tfe_variable",
      "name": "azure_instance_username",
      "provider": "provider.tfe",
      "instances": []
    },
    {
      "mode": "managed",
      "type": "tfe_variable",
      "name": "azure_subscription_id",
      "provider": "provider.tfe",
      "instances": []
    },
    {
      "mode": "managed",
      "type": "tfe_variable",
      "name": "azure_tenant_id",
      "provider": "provider.tfe",
      "instances": []
    }
  ]
}
